github.com/certifi/gocertifi v0.0.0-20180118203423-deb3ae2ef261 h1:6/yVvBsKeAw05IUj4AzvrxaCnDjN4nUqKjW9+w5wixg=
github.com/certifi/gocertifi v0.0.0-20180118203423-deb3ae2ef261/go.mod h1:GJKEexRPVJrBSOjoqN5VNOIKJ5Q3RViH6eu3puDRwx4=
github.com/pkg/errors v0.8.0 h1:WdK/asTD0HN+q6hsWO3/vpuAkAr+tw6aNJNDFFf0+qw=
github.com/pkg/errors v0.8.0/go.mod h1:bwawxfHBFNV+L2hUp1rHADufV3IMtnDRdf1r5NINEl0=
